PODS:
  - MapleBacon (4.0.1)
  - RxCocoa (5.1.1):
    - RxRelay (~> 5)
    - RxSwift (~> 5)
  - RxRelay (5.1.1):
    - RxSwift (~> 5)
  - RxSwift (5.1.1)

DEPENDENCIES:
  - MapleBacon (= 4.0.1)
  - RxCocoa (= 5.1.1)
  - RxSwift (= 5.1.1)

SPEC REPOS:
  trunk:
    - MapleBacon
    - RxCocoa
    - RxRelay
    - RxSwift

SPEC CHECKSUMS:
  MapleBacon: 51238c77f0c0a2fa796bd8698d321fbd3d05c3d7
  RxCocoa: 32065309a38d29b5b0db858819b5bf9ef038b601
  RxRelay: d77f7d771495f43c556cbc43eebd1bb54d01e8e9
  RxSwift: 81470a2074fa8780320ea5fe4102807cb7118178

PODFILE CHECKSUM: c29582a4d3d9f0ade9f4399111b11615897caa91

COCOAPODS: 1.10.1
